// !$*UTF8*$!
{
	archiveVersion = 1;
	classes = {
	};
	objectVersion = 46;
	objects = {

/* Begin PBXBuildFile section */
		1A09F38F1CA86CCD00D91E69 /* ApplicationSettingsManager.swift in Sources */ = {isa = PBXBuildFile; fileRef = 1A09F38E1CA86CCD00D91E69 /* ApplicationSettingsManager.swift */; };
		1A09F3941CA878F900D91E69 /* Settings.bundle in Resources */ = {isa = PBXBuildFile; fileRef = 1A09F3931CA878F900D91E69 /* Settings.bundle */; };
		1A09F3961CA87DEE00D91E69 /* AuthenticatorImpl.swift in Sources */ = {isa = PBXBuildFile; fileRef = 1A09F3951CA87DEE00D91E69 /* AuthenticatorImpl.swift */; };
		1A09F3981CA87F5800D91E69 /* AuthenticatorMock.swift in Sources */ = {isa = PBXBuildFile; fileRef = 1A09F3971CA87F5800D91E69 /* AuthenticatorMock.swift */; };
		1A09F3991CA88BEA00D91E69 /* ApplicationSettingsManager.swift in Sources */ = {isa = PBXBuildFile; fileRef = 1A09F38E1CA86CCD00D91E69 /* ApplicationSettingsManager.swift */; };
		1A2A9E2E1CA91159009550C1 /* iPhoneWatchConnectivityHandler.swift in Sources */ = {isa = PBXBuildFile; fileRef = 1A2A9E2D1CA91159009550C1 /* iPhoneWatchConnectivityHandler.swift */; };
		1A2A9E311CA91987009550C1 /* WatchAppWatchConnectivityHandler.swift in Sources */ = {isa = PBXBuildFile; fileRef = 1A2A9E301CA91987009550C1 /* WatchAppWatchConnectivityHandler.swift */; };
		1A2A9E331CA94CE2009550C1 /* WatchAppWatchConnectivityHandlerDelegate.swift in Sources */ = {isa = PBXBuildFile; fileRef = 1A2A9E321CA94CE2009550C1 /* WatchAppWatchConnectivityHandlerDelegate.swift */; };
		1A4C487E1CB6AB6900011EB3 /* ThermostatInterfaceController.swift in Sources */ = {isa = PBXBuildFile; fileRef = 1A4C487D1CB6AB6900011EB3 /* ThermostatInterfaceController.swift */; };
		1A5AE6E51CB106C5008E4A3B /* ThermostatDataAccessor.swift in Sources */ = {isa = PBXBuildFile; fileRef = 1A5AE6E41CB106C5008E4A3B /* ThermostatDataAccessor.swift */; };
		1A5AE6E61CB106C5008E4A3B /* ThermostatDataAccessor.swift in Sources */ = {isa = PBXBuildFile; fileRef = 1A5AE6E41CB106C5008E4A3B /* ThermostatDataAccessor.swift */; };
		1A5AE6EB1CB10BA4008E4A3B /* CPSCloudThermostatDataAccessor.swift in Sources */ = {isa = PBXBuildFile; fileRef = 1A5AE6EA1CB10BA4008E4A3B /* CPSCloudThermostatDataAccessor.swift */; };
		1A5AE6EC1CB10BA4008E4A3B /* CPSCloudThermostatDataAccessor.swift in Sources */ = {isa = PBXBuildFile; fileRef = 1A5AE6EA1CB10BA4008E4A3B /* CPSCloudThermostatDataAccessor.swift */; };
		1A6534271CA70C1C0033DFDB /* Authenticator.swift in Sources */ = {isa = PBXBuildFile; fileRef = 1A6534261CA70C1C0033DFDB /* Authenticator.swift */; };
		1A65342B1CA743080033DFDB /* ThermostatsTableViewController.swift in Sources */ = {isa = PBXBuildFile; fileRef = 1A65342A1CA743080033DFDB /* ThermostatsTableViewController.swift */; };
		1A7C04821CAE6111002CDE1A /* LocationRowController.swift in Sources */ = {isa = PBXBuildFile; fileRef = 1A7C04811CAE6111002CDE1A /* LocationRowController.swift */; };
		1A7C04841CAE6120002CDE1A /* ThermostatRowController.swift in Sources */ = {isa = PBXBuildFile; fileRef = 1A7C04831CAE6120002CDE1A /* ThermostatRowController.swift */; };
		1A7C04861CAE643D002CDE1A /* ThermostatLocation.swift in Sources */ = {isa = PBXBuildFile; fileRef = 1A7C04851CAE643D002CDE1A /* ThermostatLocation.swift */; };
		1A7C04881CAE65BB002CDE1A /* Thermostat.swift in Sources */ = {isa = PBXBuildFile; fileRef = 1A7C04871CAE65BB002CDE1A /* Thermostat.swift */; };
		1A7C048A1CAE6621002CDE1A /* ThermostatManager.swift in Sources */ = {isa = PBXBuildFile; fileRef = 1A7C04891CAE6621002CDE1A /* ThermostatManager.swift */; };
		1A954F1D1CB79A5300D5C06D /* ThermostatStateVisualiser.swift in Sources */ = {isa = PBXBuildFile; fileRef = 1A954F1C1CB79A5300D5C06D /* ThermostatStateVisualiser.swift */; };
		1A954F1F1CB79B7E00D5C06D /* HeatingStateVisualiser.swift in Sources */ = {isa = PBXBuildFile; fileRef = 1A954F1E1CB79B7E00D5C06D /* HeatingStateVisualiser.swift */; };
		1A954F211CB79CEB00D5C06D /* CoolingStateVisualiser.swift in Sources */ = {isa = PBXBuildFile; fileRef = 1A954F201CB79CEB00D5C06D /* CoolingStateVisualiser.swift */; };
		1A954F231CB79DA200D5C06D /* IdleStateVisualiser.swift in Sources */ = {isa = PBXBuildFile; fileRef = 1A954F221CB79DA200D5C06D /* IdleStateVisualiser.swift */; };
		1A954F251CB7A67B00D5C06D /* ThermostatStateVisualiser.swift in Sources */ = {isa = PBXBuildFile; fileRef = 1A954F1C1CB79A5300D5C06D /* ThermostatStateVisualiser.swift */; };
		1A954F261CB7A68900D5C06D /* HeatingStateVisualiser.swift in Sources */ = {isa = PBXBuildFile; fileRef = 1A954F1E1CB79B7E00D5C06D /* HeatingStateVisualiser.swift */; };
		1A954F271CB7A69400D5C06D /* CoolingStateVisualiser.swift in Sources */ = {isa = PBXBuildFile; fileRef = 1A954F201CB79CEB00D5C06D /* CoolingStateVisualiser.swift */; };
		1A954F281CB7A6A000D5C06D /* IdleStateVisualiser.swift in Sources */ = {isa = PBXBuildFile; fileRef = 1A954F221CB79DA200D5C06D /* IdleStateVisualiser.swift */; };
		1A97C9481C8B626E0089D269 /* AppDelegate.swift in Sources */ = {isa = PBXBuildFile; fileRef = 1A97C9471C8B626E0089D269 /* AppDelegate.swift */; };
		1A97C94A1C8B626E0089D269 /* LoginViewController.swift in Sources */ = {isa = PBXBuildFile; fileRef = 1A97C9491C8B626E0089D269 /* LoginViewController.swift */; };
		1A97C94D1C8B626E0089D269 /* Main.storyboard in Resources */ = {isa = PBXBuildFile; fileRef = 1A97C94B1C8B626E0089D269 /* Main.storyboard */; };
		1A97C94F1C8B626E0089D269 /* Assets.xcassets in Resources */ = {isa = PBXBuildFile; fileRef = 1A97C94E1C8B626E0089D269 /* Assets.xcassets */; };
		1A97C9521C8B626E0089D269 /* LaunchScreen.storyboard in Resources */ = {isa = PBXBuildFile; fileRef = 1A97C9501C8B626E0089D269 /* LaunchScreen.storyboard */; };
		1A97C95D1C8B62710089D269 /* ApplicationSettingsManagerTests.swift in Sources */ = {isa = PBXBuildFile; fileRef = 1A97C95C1C8B62710089D269 /* ApplicationSettingsManagerTests.swift */; };
		1A97C9681C8B62710089D269 /* cosyUITests.swift in Sources */ = {isa = PBXBuildFile; fileRef = 1A97C9671C8B62710089D269 /* cosyUITests.swift */; };
		1A97C96D1C8B62710089D269 /* cosy WatchKit App.app in Embed Watch Content */ = {isa = PBXBuildFile; fileRef = 1A97C96C1C8B62710089D269 /* cosy WatchKit App.app */; };
		1A97C9731C8B62710089D269 /* Interface.storyboard in Resources */ = {isa = PBXBuildFile; fileRef = 1A97C9711C8B62710089D269 /* Interface.storyboard */; };
		1A97C9751C8B62710089D269 /* Assets.xcassets in Resources */ = {isa = PBXBuildFile; fileRef = 1A97C9741C8B62710089D269 /* Assets.xcassets */; };
		1A97C97C1C8B62710089D269 /* cosy WatchKit Extension.appex in Embed App Extensions */ = {isa = PBXBuildFile; fileRef = 1A97C97B1C8B62710089D269 /* cosy WatchKit Extension.appex */; settings = {ATTRIBUTES = (RemoveHeadersOnCopy, ); }; };
		1A97C9831C8B62710089D269 /* ThermostatsTableInterfaceController.swift in Sources */ = {isa = PBXBuildFile; fileRef = 1A97C9821C8B62710089D269 /* ThermostatsTableInterfaceController.swift */; };
		1A97C9851C8B62710089D269 /* ExtensionDelegate.swift in Sources */ = {isa = PBXBuildFile; fileRef = 1A97C9841C8B62710089D269 /* ExtensionDelegate.swift */; };
		1A97C9871C8B62710089D269 /* NotificationController.swift in Sources */ = {isa = PBXBuildFile; fileRef = 1A97C9861C8B62710089D269 /* NotificationController.swift */; };
		1A97C9891C8B62710089D269 /* GlanceController.swift in Sources */ = {isa = PBXBuildFile; fileRef = 1A97C9881C8B62710089D269 /* GlanceController.swift */; };
		1A97C98B1C8B62710089D269 /* ComplicationController.swift in Sources */ = {isa = PBXBuildFile; fileRef = 1A97C98A1C8B62710089D269 /* ComplicationController.swift */; };
		1A97C98D1C8B62710089D269 /* Assets.xcassets in Resources */ = {isa = PBXBuildFile; fileRef = 1A97C98C1C8B62710089D269 /* Assets.xcassets */; };
		1A9B73CC1CB10DFC00C62F10 /* ThermostatManager.swift in Sources */ = {isa = PBXBuildFile; fileRef = 1A7C04891CAE6621002CDE1A /* ThermostatManager.swift */; };
		1A9B73CD1CB10E0000C62F10 /* ThermostatManagerImpl.swift in Sources */ = {isa = PBXBuildFile; fileRef = 1AEF1CAE1CAEA422008B346D /* ThermostatManagerImpl.swift */; };
		1A9B73CE1CB10E0B00C62F10 /* ThermostatLocation.swift in Sources */ = {isa = PBXBuildFile; fileRef = 1A7C04851CAE643D002CDE1A /* ThermostatLocation.swift */; };
		1A9B73CF1CB10E0D00C62F10 /* Thermostat.swift in Sources */ = {isa = PBXBuildFile; fileRef = 1A7C04871CAE65BB002CDE1A /* Thermostat.swift */; };
		1AB62C2F1CAD228300C35351 /* Localizable.strings in Resources */ = {isa = PBXBuildFile; fileRef = 1AB62C311CAD228300C35351 /* Localizable.strings */; };
		1AB62C331CAD50C500C35351 /* AuthenticatorMockTests.swift in Sources */ = {isa = PBXBuildFile; fileRef = 1AB62C321CAD50C500C35351 /* AuthenticatorMockTests.swift */; };
		1ACBA51B1CBF82CF00814DD9 /* Localizable.strings in Resources */ = {isa = PBXBuildFile; fileRef = 1ACBA51D1CBF82CF00814DD9 /* Localizable.strings */; };
		1AD8673B1CB4D93D00B940DE /* SettingsProvider.swift in Sources */ = {isa = PBXBuildFile; fileRef = 1AD8673A1CB4D93D00B940DE /* SettingsProvider.swift */; };
		1AD8673C1CB4D94F00B940DE /* SettingsProvider.swift in Sources */ = {isa = PBXBuildFile; fileRef = 1AD8673A1CB4D93D00B940DE /* SettingsProvider.swift */; };
		1AEF1CAD1CAE98A0008B346D /* InformationRowController.swift in Sources */ = {isa = PBXBuildFile; fileRef = 1AEF1CAC1CAE98A0008B346D /* InformationRowController.swift */; };
		1AEF1CAF1CAEA422008B346D /* ThermostatManagerImpl.swift in Sources */ = {isa = PBXBuildFile; fileRef = 1AEF1CAE1CAEA422008B346D /* ThermostatManagerImpl.swift */; };
		E06C56A3B360800EBA5CF038 /* Pods_cosy.framework in Frameworks */ = {isa = PBXBuildFile; fileRef = 3F5257619CF738DFD3AF52D2 /* Pods_cosy.framework */; };
		F0DDECB18CF36E45D1AA864D /* Pods_cosy_WatchKit_Extension.framework in Frameworks */ = {isa = PBXBuildFile; fileRef = 7DD14E31CDA82E9A8F9FA86F /* Pods_cosy_WatchKit_Extension.framework */; };
/* End PBXBuildFile section */

/* Begin PBXContainerItemProxy section */
		1A97C9591C8B62710089D269 /* PBXContainerItemProxy */ = {
			isa = PBXContainerItemProxy;
			containerPortal = 1A97C93C1C8B626E0089D269 /* Project object */;
			proxyType = 1;
			remoteGlobalIDString = 1A97C9431C8B626E0089D269;
			remoteInfo = cosy;
		};
		1A97C9641C8B62710089D269 /* PBXContainerItemProxy */ = {
			isa = PBXContainerItemProxy;
			containerPortal = 1A97C93C1C8B626E0089D269 /* Project object */;
			proxyType = 1;
			remoteGlobalIDString = 1A97C9431C8B626E0089D269;
			remoteInfo = cosy;
		};
		1A97C96E1C8B62710089D269 /* PBXContainerItemProxy */ = {
			isa = PBXContainerItemProxy;
			containerPortal = 1A97C93C1C8B626E0089D269 /* Project object */;
			proxyType = 1;
			remoteGlobalIDString = 1A97C96B1C8B62710089D269;
			remoteInfo = "cosy WatchKit App";
		};
		1A97C97D1C8B62710089D269 /* PBXContainerItemProxy */ = {
			isa = PBXContainerItemProxy;
			containerPortal = 1A97C93C1C8B626E0089D269 /* Project object */;
			proxyType = 1;
			remoteGlobalIDString = 1A97C97A1C8B62710089D269;
			remoteInfo = "cosy WatchKit Extension";
		};
/* End PBXContainerItemProxy section */

/* Begin PBXCopyFilesBuildPhase section */
		1A97C9941C8B62710089D269 /* Embed App Extensions */ = {
			isa = PBXCopyFilesBuildPhase;
			buildActionMask = 2147483647;
			dstPath = "";
			dstSubfolderSpec = 13;
			files = (
				1A97C97C1C8B62710089D269 /* cosy WatchKit Extension.appex in Embed App Extensions */,
			);
			name = "Embed App Extensions";
			runOnlyForDeploymentPostprocessing = 0;
		};
		1A97C9981C8B62710089D269 /* Embed Watch Content */ = {
			isa = PBXCopyFilesBuildPhase;
			buildActionMask = 2147483647;
			dstPath = "$(CONTENTS_FOLDER_PATH)/Watch";
			dstSubfolderSpec = 16;
			files = (
				1A97C96D1C8B62710089D269 /* cosy WatchKit App.app in Embed Watch Content */,
			);
			name = "Embed Watch Content";
			runOnlyForDeploymentPostprocessing = 0;
		};
/* End PBXCopyFilesBuildPhase section */

/* Begin PBXFileReference section */
		1A09F38E1CA86CCD00D91E69 /* ApplicationSettingsManager.swift */ = {isa = PBXFileReference; fileEncoding = 4; lastKnownFileType = sourcecode.swift; name = ApplicationSettingsManager.swift; path = cosy/ApplicationSettingsManager.swift; sourceTree = "<group>"; };
		1A09F3931CA878F900D91E69 /* Settings.bundle */ = {isa = PBXFileReference; lastKnownFileType = "wrapper.plug-in"; path = Settings.bundle; sourceTree = "<group>"; };
		1A09F3951CA87DEE00D91E69 /* AuthenticatorImpl.swift */ = {isa = PBXFileReference; fileEncoding = 4; lastKnownFileType = sourcecode.swift; path = AuthenticatorImpl.swift; sourceTree = "<group>"; };
		1A09F3971CA87F5800D91E69 /* AuthenticatorMock.swift */ = {isa = PBXFileReference; fileEncoding = 4; lastKnownFileType = sourcecode.swift; path = AuthenticatorMock.swift; sourceTree = "<group>"; };
		1A2A9E2D1CA91159009550C1 /* iPhoneWatchConnectivityHandler.swift */ = {isa = PBXFileReference; fileEncoding = 4; lastKnownFileType = sourcecode.swift; path = iPhoneWatchConnectivityHandler.swift; sourceTree = "<group>"; };
		1A2A9E301CA91987009550C1 /* WatchAppWatchConnectivityHandler.swift */ = {isa = PBXFileReference; fileEncoding = 4; lastKnownFileType = sourcecode.swift; path = WatchAppWatchConnectivityHandler.swift; sourceTree = "<group>"; };
		1A2A9E321CA94CE2009550C1 /* WatchAppWatchConnectivityHandlerDelegate.swift */ = {isa = PBXFileReference; fileEncoding = 4; lastKnownFileType = sourcecode.swift; path = WatchAppWatchConnectivityHandlerDelegate.swift; sourceTree = "<group>"; };
		1A4C487D1CB6AB6900011EB3 /* ThermostatInterfaceController.swift */ = {isa = PBXFileReference; fileEncoding = 4; lastKnownFileType = sourcecode.swift; path = ThermostatInterfaceController.swift; sourceTree = "<group>"; };
		1A5AE6E41CB106C5008E4A3B /* ThermostatDataAccessor.swift */ = {isa = PBXFileReference; fileEncoding = 4; lastKnownFileType = sourcecode.swift; name = ThermostatDataAccessor.swift; path = Shared/ThermostatDataAccessor.swift; sourceTree = "<group>"; };
		1A5AE6EA1CB10BA4008E4A3B /* CPSCloudThermostatDataAccessor.swift */ = {isa = PBXFileReference; fileEncoding = 4; lastKnownFileType = sourcecode.swift; name = CPSCloudThermostatDataAccessor.swift; path = Shared/CPSCloudThermostatDataAccessor.swift; sourceTree = "<group>"; };
		1A6534261CA70C1C0033DFDB /* Authenticator.swift */ = {isa = PBXFileReference; fileEncoding = 4; lastKnownFileType = sourcecode.swift; path = Authenticator.swift; sourceTree = "<group>"; };
		1A65342A1CA743080033DFDB /* ThermostatsTableViewController.swift */ = {isa = PBXFileReference; fileEncoding = 4; lastKnownFileType = sourcecode.swift; path = ThermostatsTableViewController.swift; sourceTree = "<group>"; };
		1A7C04811CAE6111002CDE1A /* LocationRowController.swift */ = {isa = PBXFileReference; fileEncoding = 4; lastKnownFileType = sourcecode.swift; path = LocationRowController.swift; sourceTree = "<group>"; };
		1A7C04831CAE6120002CDE1A /* ThermostatRowController.swift */ = {isa = PBXFileReference; fileEncoding = 4; lastKnownFileType = sourcecode.swift; path = ThermostatRowController.swift; sourceTree = "<group>"; };
		1A7C04851CAE643D002CDE1A /* ThermostatLocation.swift */ = {isa = PBXFileReference; fileEncoding = 4; lastKnownFileType = sourcecode.swift; name = ThermostatLocation.swift; path = Shared/ThermostatLocation.swift; sourceTree = "<group>"; };
		1A7C04871CAE65BB002CDE1A /* Thermostat.swift */ = {isa = PBXFileReference; fileEncoding = 4; lastKnownFileType = sourcecode.swift; name = Thermostat.swift; path = Shared/Thermostat.swift; sourceTree = "<group>"; };
		1A7C04891CAE6621002CDE1A /* ThermostatManager.swift */ = {isa = PBXFileReference; fileEncoding = 4; lastKnownFileType = sourcecode.swift; name = ThermostatManager.swift; path = Shared/ThermostatManager.swift; sourceTree = "<group>"; };
		1A954F1C1CB79A5300D5C06D /* ThermostatStateVisualiser.swift */ = {isa = PBXFileReference; fileEncoding = 4; lastKnownFileType = sourcecode.swift; name = ThermostatStateVisualiser.swift; path = Shared/ThermostatStateVisualiser.swift; sourceTree = "<group>"; };
		1A954F1E1CB79B7E00D5C06D /* HeatingStateVisualiser.swift */ = {isa = PBXFileReference; fileEncoding = 4; lastKnownFileType = sourcecode.swift; name = HeatingStateVisualiser.swift; path = Shared/HeatingStateVisualiser.swift; sourceTree = "<group>"; };
		1A954F201CB79CEB00D5C06D /* CoolingStateVisualiser.swift */ = {isa = PBXFileReference; fileEncoding = 4; lastKnownFileType = sourcecode.swift; name = CoolingStateVisualiser.swift; path = Shared/CoolingStateVisualiser.swift; sourceTree = "<group>"; };
		1A954F221CB79DA200D5C06D /* IdleStateVisualiser.swift */ = {isa = PBXFileReference; fileEncoding = 4; lastKnownFileType = sourcecode.swift; name = IdleStateVisualiser.swift; path = Shared/IdleStateVisualiser.swift; sourceTree = "<group>"; };
		1A97C9441C8B626E0089D269 /* cosy.app */ = {isa = PBXFileReference; explicitFileType = wrapper.application; includeInIndex = 0; path = cosy.app; sourceTree = BUILT_PRODUCTS_DIR; };
		1A97C9471C8B626E0089D269 /* AppDelegate.swift */ = {isa = PBXFileReference; lastKnownFileType = sourcecode.swift; path = AppDelegate.swift; sourceTree = "<group>"; };
		1A97C9491C8B626E0089D269 /* LoginViewController.swift */ = {isa = PBXFileReference; lastKnownFileType = sourcecode.swift; path = LoginViewController.swift; sourceTree = "<group>"; };
		1A97C94C1C8B626E0089D269 /* Base */ = {isa = PBXFileReference; lastKnownFileType = file.storyboard; name = Base; path = Base.lproj/Main.storyboard; sourceTree = "<group>"; };
		1A97C94E1C8B626E0089D269 /* Assets.xcassets */ = {isa = PBXFileReference; lastKnownFileType = folder.assetcatalog; path = Assets.xcassets; sourceTree = "<group>"; };
		1A97C9511C8B626E0089D269 /* Base */ = {isa = PBXFileReference; lastKnownFileType = file.storyboard; name = Base; path = Base.lproj/LaunchScreen.storyboard; sourceTree = "<group>"; };
		1A97C9531C8B626E0089D269 /* Info.plist */ = {isa = PBXFileReference; lastKnownFileType = text.plist.xml; path = Info.plist; sourceTree = "<group>"; };
		1A97C9581C8B62700089D269 /* cosyTests.xctest */ = {isa = PBXFileReference; explicitFileType = wrapper.cfbundle; includeInIndex = 0; path = cosyTests.xctest; sourceTree = BUILT_PRODUCTS_DIR; };
		1A97C95C1C8B62710089D269 /* ApplicationSettingsManagerTests.swift */ = {isa = PBXFileReference; lastKnownFileType = sourcecode.swift; path = ApplicationSettingsManagerTests.swift; sourceTree = "<group>"; };
		1A97C95E1C8B62710089D269 /* Info.plist */ = {isa = PBXFileReference; lastKnownFileType = text.plist.xml; path = Info.plist; sourceTree = "<group>"; };
		1A97C9631C8B62710089D269 /* cosyUITests.xctest */ = {isa = PBXFileReference; explicitFileType = wrapper.cfbundle; includeInIndex = 0; path = cosyUITests.xctest; sourceTree = BUILT_PRODUCTS_DIR; };
		1A97C9671C8B62710089D269 /* cosyUITests.swift */ = {isa = PBXFileReference; lastKnownFileType = sourcecode.swift; path = cosyUITests.swift; sourceTree = "<group>"; };
		1A97C9691C8B62710089D269 /* Info.plist */ = {isa = PBXFileReference; lastKnownFileType = text.plist.xml; path = Info.plist; sourceTree = "<group>"; };
		1A97C96C1C8B62710089D269 /* cosy WatchKit App.app */ = {isa = PBXFileReference; explicitFileType = wrapper.application; includeInIndex = 0; path = "cosy WatchKit App.app"; sourceTree = BUILT_PRODUCTS_DIR; };
		1A97C9721C8B62710089D269 /* Base */ = {isa = PBXFileReference; lastKnownFileType = file.storyboard; name = Base; path = Base.lproj/Interface.storyboard; sourceTree = "<group>"; };
		1A97C9741C8B62710089D269 /* Assets.xcassets */ = {isa = PBXFileReference; lastKnownFileType = folder.assetcatalog; path = Assets.xcassets; sourceTree = "<group>"; };
		1A97C9761C8B62710089D269 /* Info.plist */ = {isa = PBXFileReference; lastKnownFileType = text.plist.xml; path = Info.plist; sourceTree = "<group>"; };
		1A97C97B1C8B62710089D269 /* cosy WatchKit Extension.appex */ = {isa = PBXFileReference; explicitFileType = "wrapper.app-extension"; includeInIndex = 0; path = "cosy WatchKit Extension.appex"; sourceTree = BUILT_PRODUCTS_DIR; };
		1A97C9811C8B62710089D269 /* PushNotificationPayload.apns */ = {isa = PBXFileReference; lastKnownFileType = text; path = PushNotificationPayload.apns; sourceTree = "<group>"; };
		1A97C9821C8B62710089D269 /* ThermostatsTableInterfaceController.swift */ = {isa = PBXFileReference; lastKnownFileType = sourcecode.swift; path = ThermostatsTableInterfaceController.swift; sourceTree = "<group>"; };
		1A97C9841C8B62710089D269 /* ExtensionDelegate.swift */ = {isa = PBXFileReference; lastKnownFileType = sourcecode.swift; path = ExtensionDelegate.swift; sourceTree = "<group>"; };
		1A97C9861C8B62710089D269 /* NotificationController.swift */ = {isa = PBXFileReference; lastKnownFileType = sourcecode.swift; path = NotificationController.swift; sourceTree = "<group>"; };
		1A97C9881C8B62710089D269 /* GlanceController.swift */ = {isa = PBXFileReference; lastKnownFileType = sourcecode.swift; path = GlanceController.swift; sourceTree = "<group>"; };
		1A97C98A1C8B62710089D269 /* ComplicationController.swift */ = {isa = PBXFileReference; lastKnownFileType = sourcecode.swift; path = ComplicationController.swift; sourceTree = "<group>"; };
		1A97C98C1C8B62710089D269 /* Assets.xcassets */ = {isa = PBXFileReference; lastKnownFileType = folder.assetcatalog; path = Assets.xcassets; sourceTree = "<group>"; };
		1A97C98E1C8B62710089D269 /* Info.plist */ = {isa = PBXFileReference; lastKnownFileType = text.plist.xml; path = Info.plist; sourceTree = "<group>"; };
		1AB62C301CAD228300C35351 /* Base */ = {isa = PBXFileReference; lastKnownFileType = text.plist.strings; name = Base; path = Base.lproj/Localizable.strings; sourceTree = "<group>"; };
		1AB62C321CAD50C500C35351 /* AuthenticatorMockTests.swift */ = {isa = PBXFileReference; fileEncoding = 4; lastKnownFileType = sourcecode.swift; path = AuthenticatorMockTests.swift; sourceTree = "<group>"; };
		1ACBA51C1CBF82CF00814DD9 /* Base */ = {isa = PBXFileReference; lastKnownFileType = text.plist.strings; name = Base; path = Base.lproj/Localizable.strings; sourceTree = "<group>"; };
		1AD8673A1CB4D93D00B940DE /* SettingsProvider.swift */ = {isa = PBXFileReference; fileEncoding = 4; lastKnownFileType = sourcecode.swift; name = SettingsProvider.swift; path = Shared/SettingsProvider.swift; sourceTree = "<group>"; };
		1AEF1CAC1CAE98A0008B346D /* InformationRowController.swift */ = {isa = PBXFileReference; fileEncoding = 4; lastKnownFileType = sourcecode.swift; path = InformationRowController.swift; sourceTree = "<group>"; };
		1AEF1CAE1CAEA422008B346D /* ThermostatManagerImpl.swift */ = {isa = PBXFileReference; fileEncoding = 4; lastKnownFileType = sourcecode.swift; name = ThermostatManagerImpl.swift; path = Shared/ThermostatManagerImpl.swift; sourceTree = "<group>"; };
		3F5257619CF738DFD3AF52D2 /* Pods_cosy.framework */ = {isa = PBXFileReference; explicitFileType = wrapper.framework; includeInIndex = 0; path = Pods_cosy.framework; sourceTree = BUILT_PRODUCTS_DIR; };
		5B94268BDAA80F10BE09BE62 /* Pods-cosy.debug.xcconfig */ = {isa = PBXFileReference; includeInIndex = 1; lastKnownFileType = text.xcconfig; name = "Pods-cosy.debug.xcconfig"; path = "Pods/Target Support Files/Pods-cosy/Pods-cosy.debug.xcconfig"; sourceTree = "<group>"; };
		619BCA83F4682C80526EE06A /* Pods-cosy.release.xcconfig */ = {isa = PBXFileReference; includeInIndex = 1; lastKnownFileType = text.xcconfig; name = "Pods-cosy.release.xcconfig"; path = "Pods/Target Support Files/Pods-cosy/Pods-cosy.release.xcconfig"; sourceTree = "<group>"; };
		7DD14E31CDA82E9A8F9FA86F /* Pods_cosy_WatchKit_Extension.framework */ = {isa = PBXFileReference; explicitFileType = wrapper.framework; includeInIndex = 0; path = Pods_cosy_WatchKit_Extension.framework; sourceTree = BUILT_PRODUCTS_DIR; };
		9A5276F2DCE1796E361BE45A /* Pods-cosy WatchKit Extension.release.xcconfig */ = {isa = PBXFileReference; includeInIndex = 1; lastKnownFileType = text.xcconfig; name = "Pods-cosy WatchKit Extension.release.xcconfig"; path = "Pods/Target Support Files/Pods-cosy WatchKit Extension/Pods-cosy WatchKit Extension.release.xcconfig"; sourceTree = "<group>"; };
		B45162ED81BD2ABE895764BD /* Pods-cosy WatchKit Extension.debug.xcconfig */ = {isa = PBXFileReference; includeInIndex = 1; lastKnownFileType = text.xcconfig; name = "Pods-cosy WatchKit Extension.debug.xcconfig"; path = "Pods/Target Support Files/Pods-cosy WatchKit Extension/Pods-cosy WatchKit Extension.debug.xcconfig"; sourceTree = "<group>"; };
/* End PBXFileReference section */

/* Begin PBXFrameworksBuildPhase section */
		1A97C9411C8B626E0089D269 /* Frameworks */ = {
			isa = PBXFrameworksBuildPhase;
			buildActionMask = 2147483647;
			files = (
				E06C56A3B360800EBA5CF038 /* Pods_cosy.framework in Frameworks */,
			);
			runOnlyForDeploymentPostprocessing = 0;
		};
		1A97C9551C8B62700089D269 /* Frameworks */ = {
			isa = PBXFrameworksBuildPhase;
			buildActionMask = 2147483647;
			files = (
			);
			runOnlyForDeploymentPostprocessing = 0;
		};
		1A97C9601C8B62710089D269 /* Frameworks */ = {
			isa = PBXFrameworksBuildPhase;
			buildActionMask = 2147483647;
			files = (
			);
			runOnlyForDeploymentPostprocessing = 0;
		};
		1A97C9781C8B62710089D269 /* Frameworks */ = {
			isa = PBXFrameworksBuildPhase;
			buildActionMask = 2147483647;
			files = (
				F0DDECB18CF36E45D1AA864D /* Pods_cosy_WatchKit_Extension.framework in Frameworks */,
			);
			runOnlyForDeploymentPostprocessing = 0;
		};
/* End PBXFrameworksBuildPhase section */

/* Begin PBXGroup section */
		1A09F3901CA8775900D91E69 /* view */ = {
			isa = PBXGroup;
			children = (
				1A97C9491C8B626E0089D269 /* LoginViewController.swift */,
				1A65342A1CA743080033DFDB /* ThermostatsTableViewController.swift */,
			);
			name = view;
			sourceTree = "<group>";
		};
		1A09F3911CA8776800D91E69 /* logic */ = {
			isa = PBXGroup;
			children = (
				1A6534261CA70C1C0033DFDB /* Authenticator.swift */,
				1A09F3951CA87DEE00D91E69 /* AuthenticatorImpl.swift */,
				1A09F3971CA87F5800D91E69 /* AuthenticatorMock.swift */,
			);
			name = logic;
			sourceTree = "<group>";
		};
		1A09F3921CA878A600D91E69 /* Supporting Files */ = {
			isa = PBXGroup;
			children = (
				1A97C9531C8B626E0089D269 /* Info.plist */,
				1A09F3931CA878F900D91E69 /* Settings.bundle */,
				1AB62C311CAD228300C35351 /* Localizable.strings */,
			);
			name = "Supporting Files";
			sourceTree = "<group>";
		};
		1A2A9E2B1CA90FCA009550C1 /* Shared */ = {
			isa = PBXGroup;
			children = (
				1A9B73C91CB10D6100C62F10 /* model */,
				1A954F241CB7A5E100D5C06D /* view */,
				1A9B73CA1CB10D8700C62F10 /* logic */,
				1A9B73CB1CB10D9B00C62F10 /* service */,
			);
			name = Shared;
			sourceTree = "<group>";
		};
		1A2A9E2C1CA9113E009550C1 /* service */ = {
			isa = PBXGroup;
			children = (
				1A2A9E2D1CA91159009550C1 /* iPhoneWatchConnectivityHandler.swift */,
			);
			name = service;
			sourceTree = "<group>";
		};
		1A2A9E2F1CA9191D009550C1 /* service */ = {
			isa = PBXGroup;
			children = (
				1A2A9E301CA91987009550C1 /* WatchAppWatchConnectivityHandler.swift */,
				1A2A9E321CA94CE2009550C1 /* WatchAppWatchConnectivityHandlerDelegate.swift */,
			);
			name = service;
			sourceTree = "<group>";
		};
		1A4C61B71CB2FAF2009C1B33 /* view */ = {
			isa = PBXGroup;
			children = (
				1A97C9821C8B62710089D269 /* ThermostatsTableInterfaceController.swift */,
				1A7C04811CAE6111002CDE1A /* LocationRowController.swift */,
				1A7C04831CAE6120002CDE1A /* ThermostatRowController.swift */,
				1AEF1CAC1CAE98A0008B346D /* InformationRowController.swift */,
				1A4C487D1CB6AB6900011EB3 /* ThermostatInterfaceController.swift */,
			);
			name = view;
			sourceTree = "<group>";
		};
		1A954F241CB7A5E100D5C06D /* view */ = {
			isa = PBXGroup;
			children = (
				1A954F1C1CB79A5300D5C06D /* ThermostatStateVisualiser.swift */,
				1A954F1E1CB79B7E00D5C06D /* HeatingStateVisualiser.swift */,
				1A954F201CB79CEB00D5C06D /* CoolingStateVisualiser.swift */,
				1A954F221CB79DA200D5C06D /* IdleStateVisualiser.swift */,
			);
			name = view;
			sourceTree = "<group>";
		};
		1A97C93B1C8B626E0089D269 = {
			isa = PBXGroup;
			children = (
				1A2A9E2B1CA90FCA009550C1 /* Shared */,
				1A97C9461C8B626E0089D269 /* cosy */,
				1A97C95B1C8B62710089D269 /* cosyTests */,
				1A97C9661C8B62710089D269 /* cosyUITests */,
				1A97C9701C8B62710089D269 /* cosy WatchKit App */,
				1A97C97F1C8B62710089D269 /* cosy WatchKit Extension */,
				1A97C9451C8B626E0089D269 /* Products */,
				BB0F1DD4099540275A3965FE /* Pods */,
				D40C73C8AA6462C9E0A58982 /* Frameworks */,
			);
			sourceTree = "<group>";
		};
		1A97C9451C8B626E0089D269 /* Products */ = {
			isa = PBXGroup;
			children = (
				1A97C9441C8B626E0089D269 /* cosy.app */,
				1A97C9581C8B62700089D269 /* cosyTests.xctest */,
				1A97C9631C8B62710089D269 /* cosyUITests.xctest */,
				1A97C96C1C8B62710089D269 /* cosy WatchKit App.app */,
				1A97C97B1C8B62710089D269 /* cosy WatchKit Extension.appex */,
			);
			name = Products;
			sourceTree = "<group>";
		};
		1A97C9461C8B626E0089D269 /* cosy */ = {
			isa = PBXGroup;
			children = (
				1A09F3901CA8775900D91E69 /* view */,
				1A09F3911CA8776800D91E69 /* logic */,
				1A2A9E2C1CA9113E009550C1 /* service */,
				1A09F3921CA878A600D91E69 /* Supporting Files */,
				1A97C9471C8B626E0089D269 /* AppDelegate.swift */,
				1A97C94B1C8B626E0089D269 /* Main.storyboard */,
				1A97C94E1C8B626E0089D269 /* Assets.xcassets */,
				1A97C9501C8B626E0089D269 /* LaunchScreen.storyboard */,
			);
			path = cosy;
			sourceTree = "<group>";
		};
		1A97C95B1C8B62710089D269 /* cosyTests */ = {
			isa = PBXGroup;
			children = (
				1A97C95C1C8B62710089D269 /* ApplicationSettingsManagerTests.swift */,
				1AB62C321CAD50C500C35351 /* AuthenticatorMockTests.swift */,
				1A97C95E1C8B62710089D269 /* Info.plist */,
			);
			path = cosyTests;
			sourceTree = "<group>";
		};
		1A97C9661C8B62710089D269 /* cosyUITests */ = {
			isa = PBXGroup;
			children = (
				1A97C9671C8B62710089D269 /* cosyUITests.swift */,
				1A97C9691C8B62710089D269 /* Info.plist */,
			);
			path = cosyUITests;
			sourceTree = "<group>";
		};
		1A97C9701C8B62710089D269 /* cosy WatchKit App */ = {
			isa = PBXGroup;
			children = (
				1A97C9711C8B62710089D269 /* Interface.storyboard */,
				1A97C9741C8B62710089D269 /* Assets.xcassets */,
				1A97C9761C8B62710089D269 /* Info.plist */,
			);
			path = "cosy WatchKit App";
			sourceTree = "<group>";
		};
		1A97C97F1C8B62710089D269 /* cosy WatchKit Extension */ = {
			isa = PBXGroup;
			children = (
				1A4C61B71CB2FAF2009C1B33 /* view */,
				1A97C9841C8B62710089D269 /* ExtensionDelegate.swift */,
				1A97C9861C8B62710089D269 /* NotificationController.swift */,
				1A97C9881C8B62710089D269 /* GlanceController.swift */,
				1A97C98A1C8B62710089D269 /* ComplicationController.swift */,
				1A97C98C1C8B62710089D269 /* Assets.xcassets */,
				1A97C98E1C8B62710089D269 /* Info.plist */,
				1A2A9E2F1CA9191D009550C1 /* service */,
				1A97C9801C8B62710089D269 /* Supporting Files */,
			);
			path = "cosy WatchKit Extension";
			sourceTree = "<group>";
		};
		1A97C9801C8B62710089D269 /* Supporting Files */ = {
			isa = PBXGroup;
			children = (
				1ACBA51D1CBF82CF00814DD9 /* Localizable.strings */,
				1A97C9811C8B62710089D269 /* PushNotificationPayload.apns */,
			);
			name = "Supporting Files";
			sourceTree = "<group>";
		};
		1A9B73C91CB10D6100C62F10 /* model */ = {
			isa = PBXGroup;
			children = (
				1A7C04851CAE643D002CDE1A /* ThermostatLocation.swift */,
				1A7C04871CAE65BB002CDE1A /* Thermostat.swift */,
			);
			name = model;
			sourceTree = "<group>";
		};
		1A9B73CA1CB10D8700C62F10 /* logic */ = {
			isa = PBXGroup;
			children = (
				1A7C04891CAE6621002CDE1A /* ThermostatManager.swift */,
				1AEF1CAE1CAEA422008B346D /* ThermostatManagerImpl.swift */,
				1AD8673A1CB4D93D00B940DE /* SettingsProvider.swift */,
				1A09F38E1CA86CCD00D91E69 /* ApplicationSettingsManager.swift */,
			);
			name = logic;
			sourceTree = "<group>";
		};
		1A9B73CB1CB10D9B00C62F10 /* service */ = {
			isa = PBXGroup;
			children = (
				1A5AE6E41CB106C5008E4A3B /* ThermostatDataAccessor.swift */,
				1A5AE6EA1CB10BA4008E4A3B /* CPSCloudThermostatDataAccessor.swift */,
			);
			name = service;
			sourceTree = "<group>";
		};
		BB0F1DD4099540275A3965FE /* Pods */ = {
			isa = PBXGroup;
			children = (
				5B94268BDAA80F10BE09BE62 /* Pods-cosy.debug.xcconfig */,
				619BCA83F4682C80526EE06A /* Pods-cosy.release.xcconfig */,
				B45162ED81BD2ABE895764BD /* Pods-cosy WatchKit Extension.debug.xcconfig */,
				9A5276F2DCE1796E361BE45A /* Pods-cosy WatchKit Extension.release.xcconfig */,
			);
			name = Pods;
			sourceTree = "<group>";
		};
		D40C73C8AA6462C9E0A58982 /* Frameworks */ = {
			isa = PBXGroup;
			children = (
				3F5257619CF738DFD3AF52D2 /* Pods_cosy.framework */,
				7DD14E31CDA82E9A8F9FA86F /* Pods_cosy_WatchKit_Extension.framework */,
			);
			name = Frameworks;
			sourceTree = "<group>";
		};
/* End PBXGroup section */

/* Begin PBXNativeTarget section */
		1A97C9431C8B626E0089D269 /* cosy */ = {
			isa = PBXNativeTarget;
			buildConfigurationList = 1A97C9991C8B62710089D269 /* Build configuration list for PBXNativeTarget "cosy" */;
			buildPhases = (
				B062DC1F47F6258D9F2CD7DA /* Check Pods Manifest.lock */,
				1A97C9401C8B626E0089D269 /* Sources */,
				1A97C9411C8B626E0089D269 /* Frameworks */,
				1A97C9421C8B626E0089D269 /* Resources */,
				1A97C9981C8B62710089D269 /* Embed Watch Content */,
				41F528040A524227B02FF250 /* Embed Pods Frameworks */,
				79F38B0BF81D3381633587C4 /* Copy Pods Resources */,
			);
			buildRules = (
			);
			dependencies = (
				1A97C96F1C8B62710089D269 /* PBXTargetDependency */,
			);
			name = cosy;
			productName = cosy;
			productReference = 1A97C9441C8B626E0089D269 /* cosy.app */;
			productType = "com.apple.product-type.application";
		};
		1A97C9571C8B62700089D269 /* cosyTests */ = {
			isa = PBXNativeTarget;
			buildConfigurationList = 1A97C99C1C8B62710089D269 /* Build configuration list for PBXNativeTarget "cosyTests" */;
			buildPhases = (
				1A97C9541C8B62700089D269 /* Sources */,
				1A97C9551C8B62700089D269 /* Frameworks */,
				1A97C9561C8B62700089D269 /* Resources */,
			);
			buildRules = (
			);
			dependencies = (
				1A97C95A1C8B62710089D269 /* PBXTargetDependency */,
			);
			name = cosyTests;
			productName = cosyTests;
			productReference = 1A97C9581C8B62700089D269 /* cosyTests.xctest */;
			productType = "com.apple.product-type.bundle.unit-test";
		};
		1A97C9621C8B62710089D269 /* cosyUITests */ = {
			isa = PBXNativeTarget;
			buildConfigurationList = 1A97C99F1C8B62710089D269 /* Build configuration list for PBXNativeTarget "cosyUITests" */;
			buildPhases = (
				1A97C95F1C8B62710089D269 /* Sources */,
				1A97C9601C8B62710089D269 /* Frameworks */,
				1A97C9611C8B62710089D269 /* Resources */,
			);
			buildRules = (
			);
			dependencies = (
				1A97C9651C8B62710089D269 /* PBXTargetDependency */,
			);
			name = cosyUITests;
			productName = cosyUITests;
			productReference = 1A97C9631C8B62710089D269 /* cosyUITests.xctest */;
			productType = "com.apple.product-type.bundle.ui-testing";
		};
		1A97C96B1C8B62710089D269 /* cosy WatchKit App */ = {
			isa = PBXNativeTarget;
			buildConfigurationList = 1A97C9951C8B62710089D269 /* Build configuration list for PBXNativeTarget "cosy WatchKit App" */;
			buildPhases = (
				1A97C96A1C8B62710089D269 /* Resources */,
				1A97C9941C8B62710089D269 /* Embed App Extensions */,
			);
			buildRules = (
			);
			dependencies = (
				1A97C97E1C8B62710089D269 /* PBXTargetDependency */,
			);
			name = "cosy WatchKit App";
			productName = "cosy WatchKit App";
			productReference = 1A97C96C1C8B62710089D269 /* cosy WatchKit App.app */;
			productType = "com.apple.product-type.application.watchapp2";
		};
		1A97C97A1C8B62710089D269 /* cosy WatchKit Extension */ = {
			isa = PBXNativeTarget;
			buildConfigurationList = 1A97C9911C8B62710089D269 /* Build configuration list for PBXNativeTarget "cosy WatchKit Extension" */;
			buildPhases = (
				25C1126342AC2F3FBC14C720 /* Check Pods Manifest.lock */,
				1A97C9771C8B62710089D269 /* Sources */,
				1A97C9781C8B62710089D269 /* Frameworks */,
				1A97C9791C8B62710089D269 /* Resources */,
				611D4407F01ABA8FCC3944E4 /* Embed Pods Frameworks */,
				82E4942DC86BB8924763D52C /* Copy Pods Resources */,
			);
			buildRules = (
			);
			dependencies = (
			);
			name = "cosy WatchKit Extension";
			productName = "cosy WatchKit Extension";
			productReference = 1A97C97B1C8B62710089D269 /* cosy WatchKit Extension.appex */;
			productType = "com.apple.product-type.watchkit2-extension";
		};
/* End PBXNativeTarget section */

/* Begin PBXProject section */
		1A97C93C1C8B626E0089D269 /* Project object */ = {
			isa = PBXProject;
			attributes = {
				LastSwiftUpdateCheck = 0720;
				LastUpgradeCheck = 0720;
				ORGANIZATIONNAME = Pentapie;
				TargetAttributes = {
					1A97C9431C8B626E0089D269 = {
						CreatedOnToolsVersion = 7.2.1;
						DevelopmentTeam = JJJY366A2R;
					};
					1A97C9571C8B62700089D269 = {
						CreatedOnToolsVersion = 7.2.1;
						TestTargetID = 1A97C9431C8B626E0089D269;
					};
					1A97C9621C8B62710089D269 = {
						CreatedOnToolsVersion = 7.2.1;
						TestTargetID = 1A97C9431C8B626E0089D269;
					};
					1A97C96B1C8B62710089D269 = {
						CreatedOnToolsVersion = 7.2.1;
					};
					1A97C97A1C8B62710089D269 = {
						CreatedOnToolsVersion = 7.2.1;
					};
				};
			};
			buildConfigurationList = 1A97C93F1C8B626E0089D269 /* Build configuration list for PBXProject "cosy" */;
			compatibilityVersion = "Xcode 3.2";
			developmentRegion = English;
			hasScannedForEncodings = 0;
			knownRegions = (
				en,
				Base,
			);
			mainGroup = 1A97C93B1C8B626E0089D269;
			productRefGroup = 1A97C9451C8B626E0089D269 /* Products */;
			projectDirPath = "";
			projectRoot = "";
			targets = (
				1A97C9431C8B626E0089D269 /* cosy */,
				1A97C9571C8B62700089D269 /* cosyTests */,
				1A97C9621C8B62710089D269 /* cosyUITests */,
				1A97C96B1C8B62710089D269 /* cosy WatchKit App */,
				1A97C97A1C8B62710089D269 /* cosy WatchKit Extension */,
			);
		};
/* End PBXProject section */

/* Begin PBXResourcesBuildPhase section */
		1A97C9421C8B626E0089D269 /* Resources */ = {
			isa = PBXResourcesBuildPhase;
			buildActionMask = 2147483647;
			files = (
				1AB62C2F1CAD228300C35351 /* Localizable.strings in Resources */,
				1A09F3941CA878F900D91E69 /* Settings.bundle in Resources */,
				1A97C9521C8B626E0089D269 /* LaunchScreen.storyboard in Resources */,
				1A97C94F1C8B626E0089D269 /* Assets.xcassets in Resources */,
				1A97C94D1C8B626E0089D269 /* Main.storyboard in Resources */,
			);
			runOnlyForDeploymentPostprocessing = 0;
		};
		1A97C9561C8B62700089D269 /* Resources */ = {
			isa = PBXResourcesBuildPhase;
			buildActionMask = 2147483647;
			files = (
			);
			runOnlyForDeploymentPostprocessing = 0;
		};
		1A97C9611C8B62710089D269 /* Resources */ = {
			isa = PBXResourcesBuildPhase;
			buildActionMask = 2147483647;
			files = (
			);
			runOnlyForDeploymentPostprocessing = 0;
		};
		1A97C96A1C8B62710089D269 /* Resources */ = {
			isa = PBXResourcesBuildPhase;
			buildActionMask = 2147483647;
			files = (
				1A97C9751C8B62710089D269 /* Assets.xcassets in Resources */,
				1A97C9731C8B62710089D269 /* Interface.storyboard in Resources */,
			);
			runOnlyForDeploymentPostprocessing = 0;
		};
		1A97C9791C8B62710089D269 /* Resources */ = {
			isa = PBXResourcesBuildPhase;
			buildActionMask = 2147483647;
			files = (
				1A97C98D1C8B62710089D269 /* Assets.xcassets in Resources */,
				1ACBA51B1CBF82CF00814DD9 /* Localizable.strings in Resources */,
			);
			runOnlyForDeploymentPostprocessing = 0;
		};
/* End PBXResourcesBuildPhase section */

/* Begin PBXShellScriptBuildPhase section */
		25C1126342AC2F3FBC14C720 /* Check Pods Manifest.lock */ = {
			isa = PBXShellScriptBuildPhase;
			buildActionMask = 2147483647;
			files = (
			);
			inputPaths = (
			);
			name = "Check Pods Manifest.lock";
			outputPaths = (
			);
			runOnlyForDeploymentPostprocessing = 0;
			shellPath = /bin/sh;
			shellScript = "diff \"${PODS_ROOT}/../Podfile.lock\" \"${PODS_ROOT}/Manifest.lock\" > /dev/null\nif [[ $? != 0 ]] ; then\n    cat << EOM\nerror: The sandbox is not in sync with the Podfile.lock. Run 'pod install' or update your CocoaPods installation.\nEOM\n    exit 1\nfi\n";
			showEnvVarsInLog = 0;
		};
		41F528040A524227B02FF250 /* Embed Pods Frameworks */ = {
			isa = PBXShellScriptBuildPhase;
			buildActionMask = 2147483647;
			files = (
			);
			inputPaths = (
			);
			name = "Embed Pods Frameworks";
			outputPaths = (
			);
			runOnlyForDeploymentPostprocessing = 0;
			shellPath = /bin/sh;
			shellScript = "\"${SRCROOT}/Pods/Target Support Files/Pods-cosy/Pods-cosy-frameworks.sh\"\n";
			showEnvVarsInLog = 0;
		};
		611D4407F01ABA8FCC3944E4 /* Embed Pods Frameworks */ = {
			isa = PBXShellScriptBuildPhase;
			buildActionMask = 2147483647;
			files = (
			);
			inputPaths = (
			);
			name = "Embed Pods Frameworks";
			outputPaths = (
			);
			runOnlyForDeploymentPostprocessing = 0;
			shellPath = /bin/sh;
			shellScript = "\"${SRCROOT}/Pods/Target Support Files/Pods-cosy WatchKit Extension/Pods-cosy WatchKit Extension-frameworks.sh\"\n";
			showEnvVarsInLog = 0;
		};
		79F38B0BF81D3381633587C4 /* Copy Pods Resources */ = {
			isa = PBXShellScriptBuildPhase;
			buildActionMask = 2147483647;
			files = (
			);
			inputPaths = (
			);
			name = "Copy Pods Resources";
			outputPaths = (
			);
			runOnlyForDeploymentPostprocessing = 0;
			shellPath = /bin/sh;
			shellScript = "\"${SRCROOT}/Pods/Target Support Files/Pods-cosy/Pods-cosy-resources.sh\"\n";
			showEnvVarsInLog = 0;
		};
		82E4942DC86BB8924763D52C /* Copy Pods Resources */ = {
			isa = PBXShellScriptBuildPhase;
			buildActionMask = 2147483647;
			files = (
			);
			inputPaths = (
			);
			name = "Copy Pods Resources";
			outputPaths = (
			);
			runOnlyForDeploymentPostprocessing = 0;
			shellPath = /bin/sh;
			shellScript = "\"${SRCROOT}/Pods/Target Support Files/Pods-cosy WatchKit Extension/Pods-cosy WatchKit Extension-resources.sh\"\n";
			showEnvVarsInLog = 0;
		};
		B062DC1F47F6258D9F2CD7DA /* Check Pods Manifest.lock */ = {
			isa = PBXShellScriptBuildPhase;
			buildActionMask = 2147483647;
			files = (
			);
			inputPaths = (
			);
			name = "Check Pods Manifest.lock";
			outputPaths = (
			);
			runOnlyForDeploymentPostprocessing = 0;
			shellPath = /bin/sh;
			shellScript = "diff \"${PODS_ROOT}/../Podfile.lock\" \"${PODS_ROOT}/Manifest.lock\" > /dev/null\nif [[ $? != 0 ]] ; then\n    cat << EOM\nerror: The sandbox is not in sync with the Podfile.lock. Run 'pod install' or update your CocoaPods installation.\nEOM\n    exit 1\nfi\n";
			showEnvVarsInLog = 0;
		};
/* End PBXShellScriptBuildPhase section */

/* Begin PBXSourcesBuildPhase section */
		1A97C9401C8B626E0089D269 /* Sources */ = {
			isa = PBXSourcesBuildPhase;
			buildActionMask = 2147483647;
			files = (
				1A65342B1CA743080033DFDB /* ThermostatsTableViewController.swift in Sources */,
				1A5AE6E51CB106C5008E4A3B /* ThermostatDataAccessor.swift in Sources */,
				1A09F38F1CA86CCD00D91E69 /* ApplicationSettingsManager.swift in Sources */,
				1A97C94A1C8B626E0089D269 /* LoginViewController.swift in Sources */,
				1AD8673B1CB4D93D00B940DE /* SettingsProvider.swift in Sources */,
				1A09F3961CA87DEE00D91E69 /* AuthenticatorImpl.swift in Sources */,
				1A9B73CE1CB10E0B00C62F10 /* ThermostatLocation.swift in Sources */,
				1A97C9481C8B626E0089D269 /* AppDelegate.swift in Sources */,
				1A09F3981CA87F5800D91E69 /* AuthenticatorMock.swift in Sources */,
				1A954F281CB7A6A000D5C06D /* IdleStateVisualiser.swift in Sources */,
				1A2A9E2E1CA91159009550C1 /* iPhoneWatchConnectivityHandler.swift in Sources */,
				1A5AE6EB1CB10BA4008E4A3B /* CPSCloudThermostatDataAccessor.swift in Sources */,
				1A9B73CF1CB10E0D00C62F10 /* Thermostat.swift in Sources */,
				1A9B73CC1CB10DFC00C62F10 /* ThermostatManager.swift in Sources */,
				1A954F261CB7A68900D5C06D /* HeatingStateVisualiser.swift in Sources */,
				1A954F251CB7A67B00D5C06D /* ThermostatStateVisualiser.swift in Sources */,
				1A9B73CD1CB10E0000C62F10 /* ThermostatManagerImpl.swift in Sources */,
				1A954F271CB7A69400D5C06D /* CoolingStateVisualiser.swift in Sources */,
				1A6534271CA70C1C0033DFDB /* Authenticator.swift in Sources */,
			);
			runOnlyForDeploymentPostprocessing = 0;
		};
		1A97C9541C8B62700089D269 /* Sources */ = {
			isa = PBXSourcesBuildPhase;
			buildActionMask = 2147483647;
			files = (
				1A97C95D1C8B62710089D269 /* ApplicationSettingsManagerTests.swift in Sources */,
				1AB62C331CAD50C500C35351 /* AuthenticatorMockTests.swift in Sources */,
			);
			runOnlyForDeploymentPostprocessing = 0;
		};
		1A97C95F1C8B62710089D269 /* Sources */ = {
			isa = PBXSourcesBuildPhase;
			buildActionMask = 2147483647;
			files = (
				1A97C9681C8B62710089D269 /* cosyUITests.swift in Sources */,
			);
			runOnlyForDeploymentPostprocessing = 0;
		};
		1A97C9771C8B62710089D269 /* Sources */ = {
			isa = PBXSourcesBuildPhase;
			buildActionMask = 2147483647;
			files = (
				1A954F231CB79DA200D5C06D /* IdleStateVisualiser.swift in Sources */,
				1A954F211CB79CEB00D5C06D /* CoolingStateVisualiser.swift in Sources */,
				1A2A9E331CA94CE2009550C1 /* WatchAppWatchConnectivityHandlerDelegate.swift in Sources */,
				1A954F1D1CB79A5300D5C06D /* ThermostatStateVisualiser.swift in Sources */,
				1A97C9871C8B62710089D269 /* NotificationController.swift in Sources */,
				1A7C04821CAE6111002CDE1A /* LocationRowController.swift in Sources */,
				1A7C04861CAE643D002CDE1A /* ThermostatLocation.swift in Sources */,
				1A5AE6EC1CB10BA4008E4A3B /* CPSCloudThermostatDataAccessor.swift in Sources */,
				1A7C048A1CAE6621002CDE1A /* ThermostatManager.swift in Sources */,
				1A97C9851C8B62710089D269 /* ExtensionDelegate.swift in Sources */,
				1AD8673C1CB4D94F00B940DE /* SettingsProvider.swift in Sources */,
				1A97C98B1C8B62710089D269 /* ComplicationController.swift in Sources */,
				1AEF1CAD1CAE98A0008B346D /* InformationRowController.swift in Sources */,
				1A97C9831C8B62710089D269 /* ThermostatsTableInterfaceController.swift in Sources */,
				1A09F3991CA88BEA00D91E69 /* ApplicationSettingsManager.swift in Sources */,
				1A4C487E1CB6AB6900011EB3 /* ThermostatInterfaceController.swift in Sources */,
				1AEF1CAF1CAEA422008B346D /* ThermostatManagerImpl.swift in Sources */,
				1A7C04841CAE6120002CDE1A /* ThermostatRowController.swift in Sources */,
				1A2A9E311CA91987009550C1 /* WatchAppWatchConnectivityHandler.swift in Sources */,
				1A954F1F1CB79B7E00D5C06D /* HeatingStateVisualiser.swift in Sources */,
				1A7C04881CAE65BB002CDE1A /* Thermostat.swift in Sources */,
				1A97C9891C8B62710089D269 /* GlanceController.swift in Sources */,
				1A5AE6E61CB106C5008E4A3B /* ThermostatDataAccessor.swift in Sources */,
			);
			runOnlyForDeploymentPostprocessing = 0;
		};
/* End PBXSourcesBuildPhase section */

/* Begin PBXTargetDependency section */
		1A97C95A1C8B62710089D269 /* PBXTargetDependency */ = {
			isa = PBXTargetDependency;
			target = 1A97C9431C8B626E0089D269 /* cosy */;
			targetProxy = 1A97C9591C8B62710089D269 /* PBXContainerItemProxy */;
		};
		1A97C9651C8B62710089D269 /* PBXTargetDependency */ = {
			isa = PBXTargetDependency;
			target = 1A97C9431C8B626E0089D269 /* cosy */;
			targetProxy = 1A97C9641C8B62710089D269 /* PBXContainerItemProxy */;
		};
		1A97C96F1C8B62710089D269 /* PBXTargetDependency */ = {
			isa = PBXTargetDependency;
			target = 1A97C96B1C8B62710089D269 /* cosy WatchKit App */;
			targetProxy = 1A97C96E1C8B62710089D269 /* PBXContainerItemProxy */;
		};
		1A97C97E1C8B62710089D269 /* PBXTargetDependency */ = {
			isa = PBXTargetDependency;
			target = 1A97C97A1C8B62710089D269 /* cosy WatchKit Extension */;
			targetProxy = 1A97C97D1C8B62710089D269 /* PBXContainerItemProxy */;
		};
/* End PBXTargetDependency section */

/* Begin PBXVariantGroup section */
		1A97C94B1C8B626E0089D269 /* Main.storyboard */ = {
			isa = PBXVariantGroup;
			children = (
				1A97C94C1C8B626E0089D269 /* Base */,
			);
			name = Main.storyboard;
			sourceTree = "<group>";
		};
		1A97C9501C8B626E0089D269 /* LaunchScreen.storyboard */ = {
			isa = PBXVariantGroup;
			children = (
				1A97C9511C8B626E0089D269 /* Base */,
			);
			name = LaunchScreen.storyboard;
			sourceTree = "<group>";
		};
		1A97C9711C8B62710089D269 /* Interface.storyboard */ = {
			isa = PBXVariantGroup;
			children = (
				1A97C9721C8B62710089D269 /* Base */,
			);
			name = Interface.storyboard;
			sourceTree = "<group>";
		};
		1AB62C311CAD228300C35351 /* Localizable.strings */ = {
			isa = PBXVariantGroup;
			children = (
				1AB62C301CAD228300C35351 /* Base */,
			);
			name = Localizable.strings;
			sourceTree = "<group>";
		};
		1ACBA51D1CBF82CF00814DD9 /* Localizable.strings */ = {
			isa = PBXVariantGroup;
			children = (
				1ACBA51C1CBF82CF00814DD9 /* Base */,
			);
			name = Localizable.strings;
			sourceTree = "<group>";
		};
/* End PBXVariantGroup section */

/* Begin XCBuildConfiguration section */
		1A97C98F1C8B62710089D269 /* Debug */ = {
			isa = XCBuildConfiguration;
			buildSettings = {
				ALWAYS_SEARCH_USER_PATHS = NO;
				CLANG_CXX_LANGUAGE_STANDARD = "gnu++0x";
				CLANG_CXX_LIBRARY = "libc++";
				CLANG_ENABLE_MODULES = YES;
				CLANG_ENABLE_OBJC_ARC = YES;
				CLANG_WARN_BOOL_CONVERSION = YES;
				CLANG_WARN_CONSTANT_CONVERSION = YES;
				CLANG_WARN_DIRECT_OBJC_ISA_USAGE = YES_ERROR;
				CLANG_WARN_EMPTY_BODY = YES;
				CLANG_WARN_ENUM_CONVERSION = YES;
				CLANG_WARN_INT_CONVERSION = YES;
				CLANG_WARN_OBJC_ROOT_CLASS = YES_ERROR;
				CLANG_WARN_UNREACHABLE_CODE = YES;
				CLANG_WARN__DUPLICATE_METHOD_MATCH = YES;
				"CODE_SIGN_IDENTITY[sdk=iphoneos*]" = "iPhone Developer";
				COPY_PHASE_STRIP = NO;
				DEBUG_INFORMATION_FORMAT = dwarf;
				ENABLE_STRICT_OBJC_MSGSEND = YES;
				ENABLE_TESTABILITY = YES;
				GCC_C_LANGUAGE_STANDARD = gnu99;
				GCC_DYNAMIC_NO_PIC = NO;
				GCC_NO_COMMON_BLOCKS = YES;
				GCC_OPTIMIZATION_LEVEL = 0;
				GCC_PREPROCESSOR_DEFINITIONS = (
					"DEBUG=1",
					"$(inherited)",
				);
				GCC_WARN_64_TO_32_BIT_CONVERSION = YES;
				GCC_WARN_ABOUT_RETURN_TYPE = YES_ERROR;
				GCC_WARN_UNDECLARED_SELECTOR = YES;
				GCC_WARN_UNINITIALIZED_AUTOS = YES_AGGRESSIVE;
				GCC_WARN_UNUSED_FUNCTION = YES;
				GCC_WARN_UNUSED_VARIABLE = YES;
				IPHONEOS_DEPLOYMENT_TARGET = 9.2;
				MTL_ENABLE_DEBUG_INFO = YES;
				ONLY_ACTIVE_ARCH = YES;
				SDKROOT = iphoneos;
				SWIFT_OPTIMIZATION_LEVEL = "-Onone";
				TARGETED_DEVICE_FAMILY = "1,2";
			};
			name = Debug;
		};
		1A97C9901C8B62710089D269 /* Release */ = {
			isa = XCBuildConfiguration;
			buildSettings = {
				ALWAYS_SEARCH_USER_PATHS = NO;
				CLANG_CXX_LANGUAGE_STANDARD = "gnu++0x";
				CLANG_CXX_LIBRARY = "libc++";
				CLANG_ENABLE_MODULES = YES;
				CLANG_ENABLE_OBJC_ARC = YES;
				CLANG_WARN_BOOL_CONVERSION = YES;
				CLANG_WARN_CONSTANT_CONVERSION = YES;
				CLANG_WARN_DIRECT_OBJC_ISA_USAGE = YES_ERROR;
				CLANG_WARN_EMPTY_BODY = YES;
				CLANG_WARN_ENUM_CONVERSION = YES;
				CLANG_WARN_INT_CONVERSION = YES;
				CLANG_WARN_OBJC_ROOT_CLASS = YES_ERROR;
				CLANG_WARN_UNREACHABLE_CODE = YES;
				CLANG_WARN__DUPLICATE_METHOD_MATCH = YES;
				"CODE_SIGN_IDENTITY[sdk=iphoneos*]" = "iPhone Developer";
				COPY_PHASE_STRIP = NO;
				DEBUG_INFORMATION_FORMAT = "dwarf-with-dsym";
				ENABLE_NS_ASSERTIONS = NO;
				ENABLE_STRICT_OBJC_MSGSEND = YES;
				GCC_C_LANGUAGE_STANDARD = gnu99;
				GCC_NO_COMMON_BLOCKS = YES;
				GCC_WARN_64_TO_32_BIT_CONVERSION = YES;
				GCC_WARN_ABOUT_RETURN_TYPE = YES_ERROR;
				GCC_WARN_UNDECLARED_SELECTOR = YES;
				GCC_WARN_UNINITIALIZED_AUTOS = YES_AGGRESSIVE;
				GCC_WARN_UNUSED_FUNCTION = YES;
				GCC_WARN_UNUSED_VARIABLE = YES;
				IPHONEOS_DEPLOYMENT_TARGET = 9.2;
				MTL_ENABLE_DEBUG_INFO = NO;
				SDKROOT = iphoneos;
				TARGETED_DEVICE_FAMILY = "1,2";
				VALIDATE_PRODUCT = YES;
			};
			name = Release;
		};
		1A97C9921C8B62710089D269 /* Debug */ = {
			isa = XCBuildConfiguration;
			baseConfigurationReference = B45162ED81BD2ABE895764BD /* Pods-cosy WatchKit Extension.debug.xcconfig */;
			buildSettings = {
				ASSETCATALOG_COMPILER_COMPLICATION_NAME = Complication;
				INFOPLIST_FILE = "cosy WatchKit Extension/Info.plist";
				LD_RUNPATH_SEARCH_PATHS = "$(inherited) @executable_path/Frameworks @executable_path/../../Frameworks";
				PRODUCT_BUNDLE_IDENTIFIER = com.pentapie.BampoeJ.cosy.watchkitapp.watchkitextension;
				PRODUCT_NAME = "${TARGET_NAME}";
				SDKROOT = watchos;
				SKIP_INSTALL = YES;
				TARGETED_DEVICE_FAMILY = 4;
				WATCHOS_DEPLOYMENT_TARGET = 2.1;
			};
			name = Debug;
		};
		1A97C9931C8B62710089D269 /* Release */ = {
			isa = XCBuildConfiguration;
			baseConfigurationReference = 9A5276F2DCE1796E361BE45A /* Pods-cosy WatchKit Extension.release.xcconfig */;
			buildSettings = {
				ASSETCATALOG_COMPILER_COMPLICATION_NAME = Complication;
				INFOPLIST_FILE = "cosy WatchKit Extension/Info.plist";
				LD_RUNPATH_SEARCH_PATHS = "$(inherited) @executable_path/Frameworks @executable_path/../../Frameworks";
				PRODUCT_BUNDLE_IDENTIFIER = com.pentapie.BampoeJ.cosy.watchkitapp.watchkitextension;
				PRODUCT_NAME = "${TARGET_NAME}";
				SDKROOT = watchos;
				SKIP_INSTALL = YES;
				TARGETED_DEVICE_FAMILY = 4;
				WATCHOS_DEPLOYMENT_TARGET = 2.1;
			};
			name = Release;
		};
		1A97C9961C8B62710089D269 /* Debug */ = {
			isa = XCBuildConfiguration;
			buildSettings = {
				ASSETCATALOG_COMPILER_APPICON_NAME = AppIcon;
				EMBEDDED_CONTENT_CONTAINS_SWIFT = YES;
				IBSC_MODULE = cosy_WatchKit_Extension;
				INFOPLIST_FILE = "cosy WatchKit App/Info.plist";
				PRODUCT_BUNDLE_IDENTIFIER = com.pentapie.BampoeJ.cosy.watchkitapp;
				PRODUCT_NAME = "$(TARGET_NAME)";
				SDKROOT = watchos;
				SKIP_INSTALL = YES;
				TARGETED_DEVICE_FAMILY = 4;
				WATCHOS_DEPLOYMENT_TARGET = 2.1;
			};
			name = Debug;
		};
		1A97C9971C8B62710089D269 /* Release */ = {
			isa = XCBuildConfiguration;
			buildSettings = {
				ASSETCATALOG_COMPILER_APPICON_NAME = AppIcon;
				EMBEDDED_CONTENT_CONTAINS_SWIFT = YES;
				IBSC_MODULE = cosy_WatchKit_Extension;
				INFOPLIST_FILE = "cosy WatchKit App/Info.plist";
				PRODUCT_BUNDLE_IDENTIFIER = com.pentapie.BampoeJ.cosy.watchkitapp;
				PRODUCT_NAME = "$(TARGET_NAME)";
				SDKROOT = watchos;
				SKIP_INSTALL = YES;
				TARGETED_DEVICE_FAMILY = 4;
				WATCHOS_DEPLOYMENT_TARGET = 2.1;
			};
			name = Release;
		};
		1A97C99A1C8B62710089D269 /* Debug */ = {
			isa = XCBuildConfiguration;
			baseConfigurationReference = 5B94268BDAA80F10BE09BE62 /* Pods-cosy.debug.xcconfig */;
			buildSettings = {
				ASSETCATALOG_COMPILER_APPICON_NAME = AppIcon;
				CODE_SIGN_IDENTITY = "iPhone Developer";
				"CODE_SIGN_IDENTITY[sdk=iphoneos*]" = "iPhone Developer";
				INFOPLIST_FILE = cosy/Info.plist;
				LD_RUNPATH_SEARCH_PATHS = "$(inherited) @executable_path/Frameworks";
				PRODUCT_BUNDLE_IDENTIFIER = com.pentapie.BampoeJ.cosy;
				PRODUCT_NAME = "$(TARGET_NAME)";
				PROVISIONING_PROFILE = "";
			};
			name = Debug;
		};
		1A97C99B1C8B62710089D269 /* Release */ = {
			isa = XCBuildConfiguration;
			baseConfigurationReference = 619BCA83F4682C80526EE06A /* Pods-cosy.release.xcconfig */;
			buildSettings = {
				ASSETCATALOG_COMPILER_APPICON_NAME = AppIcon;
				CODE_SIGN_IDENTITY = "iPhone Developer";
				"CODE_SIGN_IDENTITY[sdk=iphoneos*]" = "iPhone Developer";
				INFOPLIST_FILE = cosy/Info.plist;
				LD_RUNPATH_SEARCH_PATHS = "$(inherited) @executable_path/Frameworks";
				PRODUCT_BUNDLE_IDENTIFIER = com.pentapie.BampoeJ.cosy;
				PRODUCT_NAME = "$(TARGET_NAME)";
				PROVISIONING_PROFILE = "";
			};
			name = Release;
		};
		1A97C99D1C8B62710089D269 /* Debug */ = {
			isa = XCBuildConfiguration;
			buildSettings = {
				BUNDLE_LOADER = "$(TEST_HOST)";
				INFOPLIST_FILE = cosyTests/Info.plist;
				LD_RUNPATH_SEARCH_PATHS = "$(inherited) @executable_path/Frameworks @loader_path/Frameworks";
				PRODUCT_BUNDLE_IDENTIFIER = com.pentapie.BampoeJ.cosyTests;
				PRODUCT_NAME = "$(TARGET_NAME)";
				TEST_HOST = "$(BUILT_PRODUCTS_DIR)/cosy.app/cosy";
			};
			name = Debug;
		};
		1A97C99E1C8B62710089D269 /* Release */ = {
			isa = XCBuildConfiguration;
			buildSettings = {
				BUNDLE_LOADER = "$(TEST_HOST)";
				INFOPLIST_FILE = cosyTests/Info.plist;
				LD_RUNPATH_SEARCH_PATHS = "$(inherited) @executable_path/Frameworks @loader_path/Frameworks";
				PRODUCT_BUNDLE_IDENTIFIER = com.pentapie.BampoeJ.cosyTests;
				PRODUCT_NAME = "$(TARGET_NAME)";
				TEST_HOST = "$(BUILT_PRODUCTS_DIR)/cosy.app/cosy";
			};
			name = Release;
		};
		1A97C9A01C8B62710089D269 /* Debug */ = {
			isa = XCBuildConfiguration;
			buildSettings = {
				INFOPLIST_FILE = cosyUITests/Info.plist;
				LD_RUNPATH_SEARCH_PATHS = "$(inherited) @executable_path/Frameworks @loader_path/Frameworks";
				PRODUCT_BUNDLE_IDENTIFIER = com.pentapie.BampoeJ.cosyUITests;
				PRODUCT_NAME = "$(TARGET_NAME)";
				TEST_TARGET_NAME = cosy;
				USES_XCTRUNNER = YES;
			};
			name = Debug;
		};
		1A97C9A11C8B62710089D269 /* Release */ = {
			isa = XCBuildConfiguration;
			buildSettings = {
				INFOPLIST_FILE = cosyUITests/Info.plist;
				LD_RUNPATH_SEARCH_PATHS = "$(inherited) @executable_path/Frameworks @loader_path/Frameworks";
				PRODUCT_BUNDLE_IDENTIFIER = com.pentapie.BampoeJ.cosyUITests;
				PRODUCT_NAME = "$(TARGET_NAME)";
				TEST_TARGET_NAME = cosy;
				USES_XCTRUNNER = YES;
			};
			name = Release;
		};
/* End XCBuildConfiguration section */

/* Begin XCConfigurationList section */
		1A97C93F1C8B626E0089D269 /* Build configuration list for PBXProject "cosy" */ = {
			isa = XCConfigurationList;
			buildConfigurations = (
				1A97C98F1C8B62710089D269 /* Debug */,
				1A97C9901C8B62710089D269 /* Release */,
			);
			defaultConfigurationIsVisible = 0;
			defaultConfigurationName = Release;
		};
		1A97C9911C8B62710089D269 /* Build configuration list for PBXNativeTarget "cosy WatchKit Extension" */ = {
			isa = XCConfigurationList;
			buildConfigurations = (
				1A97C9921C8B62710089D269 /* Debug */,
				1A97C9931C8B62710089D269 /* Release */,
			);
			defaultConfigurationIsVisible = 0;
			defaultConfigurationName = Release;
		};
		1A97C9951C8B62710089D269 /* Build configuration list for PBXNativeTarget "cosy WatchKit App" */ = {
			isa = XCConfigurationList;
			buildConfigurations = (
				1A97C9961C8B62710089D269 /* Debug */,
				1A97C9971C8B62710089D269 /* Release */,
			);
			defaultConfigurationIsVisible = 0;
			defaultConfigurationName = Release;
		};
		1A97C9991C8B62710089D269 /* Build configuration list for PBXNativeTarget "cosy" */ = {
			isa = XCConfigurationList;
			buildConfigurations = (
				1A97C99A1C8B62710089D269 /* Debug */,
				1A97C99B1C8B62710089D269 /* Release */,
			);
			defaultConfigurationIsVisible = 0;
			defaultConfigurationName = Release;
		};
		1A97C99C1C8B62710089D269 /* Build configuration list for PBXNativeTarget "cosyTests" */ = {
			isa = XCConfigurationList;
			buildConfigurations = (
				1A97C99D1C8B62710089D269 /* Debug */,
				1A97C99E1C8B62710089D269 /* Release */,
			);
			defaultConfigurationIsVisible = 0;
			defaultConfigurationName = Release;
		};
		1A97C99F1C8B62710089D269 /* Build configuration list for PBXNativeTarget "cosyUITests" */ = {
			isa = XCConfigurationList;
			buildConfigurations = (
				1A97C9A01C8B62710089D269 /* Debug */,
				1A97C9A11C8B62710089D269 /* Release */,
			);
			defaultConfigurationIsVisible = 0;
			defaultConfigurationName = Release;
		};
/* End XCConfigurationList section */
	};
	rootObject = 1A97C93C1C8B626E0089D269 /* Project object */;
}
